
Microsoft Visual Studio Solution File, Format Version 12.00
# Visual Studio 2012
Project("{FAE04EC0-301F-11D3-BF4B-00C04F79EFBC}") = "DeployCustomActions", "DeployCustomActions\DeployCustomActions.csproj", "{6907F9AE-A2F8-407D-89D9-07C158BF9154}"
EndProject
Global
	GlobalSection(SolutionConfigurationPlatforms) = preSolution
		Debug|Any CPU = Debug|Any CPU
		Release|Any CPU = Release|Any CPU
	EndGlobalSection
	GlobalSection(ProjectConfigurationPlatforms) = postSolution
		{6907F9AE-A2F8-407D-89D9-07C158BF9154}.Debug|Any CPU.ActiveCfg = Debug|Any CPU
		{6907F9AE-A2F8-407D-89D9-07C158BF9154}.Debug|Any CPU.Build.0 = Debug|Any CPU
		{6907F9AE-A2F8-407D-89D9-07C158BF9154}.Debug|Any CPU.Deploy.0 = Debug|Any CPU
		{6907F9AE-A2F8-407D-89D9-07C158BF9154}.Release|Any CPU.ActiveCfg = Release|Any CPU
		{6907F9AE-A2F8-407D-89D9-07C158BF9154}.Release|Any CPU.Build.0 = Release|Any CPU
		{6907F9AE-A2F8-407D-89D9-07C158BF9154}.Release|Any CPU.Deploy.0 = Release|Any CPU
	EndGlobalSection
	GlobalSection(SolutionProperties) = preSolution
		HideSolutionNode = FALSE
	EndGlobalSection
EndGlobal
